<?xml version="1.0" encoding="utf-8"?>
<Project ToolsVersion="4.0" xmlns="http://schemas.microsoft.com/developer/msbuild/2003">
  <ItemGroup>
    <Filter Include="Source Files">
      <UniqueIdentifier>{4FC737F1-C7A5-4376-A066-2A32D752A2FF}</UniqueIdentifier>
      <Extensions>cpp;c;cc;cxx;def;odl;idl;hpj;bat;asm;asmx</Extensions>
    </Filter>
    <Filter Include="Source Files\Functional">
      <UniqueIdentifier>{7354328f-3fb0-467b-a811-a75bb7565c07}</UniqueIdentifier>
    </Filter>
    <Filter Include="Source Files\GNames">
      <UniqueIdentifier>{ab62335d-42d2-44c9-bb61-e06a0a873f9e}</UniqueIdentifier>
    </Filter>
    <Filter Include="Source Files\GWorld">
      <UniqueIdentifier>{317c3628-ce44-4f67-87c7-9d56db1071dc}</UniqueIdentifier>
    </Filter>
    <Filter Include="Source Files\Memory">
      <UniqueIdentifier>{7517ee4a-b9d9-42a6-8e28-106e26307e9f}</UniqueIdentifier>
    </Filter>
    <Filter Include="Source Files\Overlay">
      <UniqueIdentifier>{df06f1da-a211-4b4e-b144-8493e696f702}</UniqueIdentifier>
    </Filter>
    <Filter Include="Source Files\Overlay\ImGUI">
      <UniqueIdentifier>{1b1115d6-2430-413d-975d-0553485638a0}</UniqueIdentifier>
    </Filter>
    <Filter Include="Source Files\Main">
      <UniqueIdentifier>{4db29faf-8f9f-4796-b321-e0e3ca8e49dc}</UniqueIdentifier>
    </Filter>
  </ItemGroup>
  <ItemGroup>
    <ClCompile Include="Memory.cpp">
      <Filter>Source Files\Memory</Filter>
    </ClCompile>
    <ClCompile Include="Names.cpp">
      <Filter>Source Files\GNames</Filter>
    </ClCompile>
    <ClCompile Include="imgui.cpp">
      <Filter>Source Files\Overlay\ImGUI</Filter>
    </ClCompile>
    <ClCompile Include="imgui_demo.cpp">
      <Filter>Source Files\Overlay\ImGUI</Filter>
    </ClCompile>
    <ClCompile Include="imgui_draw.cpp">
      <Filter>Source Files\Overlay\ImGUI</Filter>
    </ClCompile>
    <ClCompile Include="imgui_impl_dx11.cpp">
      <Filter>Source Files\Overlay\ImGUI</Filter>
    </ClCompile>
    <ClCompile Include="imgui_impl_win32.cpp">
      <Filter>Source Files\Overlay\ImGUI</Filter>
    </ClCompile>
    <ClCompile Include="imgui_widgets.cpp">
      <Filter>Source Files\Overlay\ImGUI</Filter>
    </ClCompile>
    <ClCompile Include="Overlay.cpp">
      <Filter>Source Files\Overlay</Filter>
    </ClCompile>
    <ClCompile Include="GWorld.cpp">
      <Filter>Source Files\GWorld</Filter>
    </ClCompile>
    <ClCompile Include="Renderer.cpp">
      <Filter>Source Files\Overlay</Filter>
    </ClCompile>
    <ClCompile Include="Aimbot.cpp">
      <Filter>Source Files\Functional</Filter>
    </ClCompile>
    <ClCompile Include="Commons.cpp">
      <Filter>Source Files\Functional</Filter>
    </ClCompile>
    <ClCompile Include="EnemyESP.cpp">
      <Filter>Source Files\Functional</Filter>
    </ClCompile>
    <ClCompile Include="ItemsESP.cpp">
      <Filter>Source Files\Functional</Filter>
    </ClCompile>
    <ClCompile Include="VehiclesESP.cpp">
      <Filter>Source Files\Functional</Filter>
    </ClCompile>
    <ClCompile Include="MainLoop.cpp">
      <Filter>Source Files\Main</Filter>
    </ClCompile>
    <ClCompile Include="MainForm.cpp">
      <Filter>Source Files\Main</Filter>
    </ClCompile>
    <ClCompile Include="Updates.cpp">
      <Filter>Source Files\Main</Filter>
    </ClCompile>
  </ItemGroup>
  <ItemGroup>
    <ClInclude Include="MainForm.h">
      <Filter>Source Files</Filter>
    </ClInclude>
    <ClInclude Include="Memory.h">
      <Filter>Source Files\Memory</Filter>
    </ClInclude>
    <ClInclude Include="Names.h">
      <Filter>Source Files\GNames</Filter>
    </ClInclude>
    <ClInclude Include="imconfig.h">
      <Filter>Source Files\Overlay\ImGUI</Filter>
    </ClInclude>
    <ClInclude Include="imgui.h">
      <Filter>Source Files\Overlay\ImGUI</Filter>
    </ClInclude>
    <ClInclude Include="imgui_impl_dx11.h">
      <Filter>Source Files\Overlay\ImGUI</Filter>
    </ClInclude>
    <ClInclude Include="imgui_impl_win32.h">
      <Filter>Source Files\Overlay\ImGUI</Filter>
    </ClInclude>
    <ClInclude Include="imgui_internal.h">
      <Filter>Source Files\Overlay\ImGUI</Filter>
    </ClInclude>
    <ClInclude Include="imstb_rectpack.h">
      <Filter>Source Files\Overlay\ImGUI</Filter>
    </ClInclude>
    <ClInclude Include="imstb_textedit.h">
      <Filter>Source Files\Overlay\ImGUI</Filter>
    </ClInclude>
    <ClInclude Include="imstb_truetype.h">
      <Filter>Source Files\Overlay\ImGUI</Filter>
    </ClInclude>
    <ClInclude Include="Overlay.h">
      <Filter>Source Files\Overlay</Filter>
    </ClInclude>
    <ClInclude Include="WindowHijack.h">
      <Filter>Source Files\Overlay</Filter>
    </ClInclude>
    <ClInclude Include="GWorld.h">
      <Filter>Source Files\GWorld</Filter>
    </ClInclude>
    <ClInclude Include="Core.h">
      <Filter>Source Files\GWorld</Filter>
    </ClInclude>
    <ClInclude Include="Renderer.h">
      <Filter>Source Files\Overlay</Filter>
    </ClInclude>
    <ClInclude Include="Aimbot.h">
      <Filter>Source Files\Functional</Filter>
    </ClInclude>
    <ClInclude Include="Commons.h">
      <Filter>Source Files\Functional</Filter>
    </ClInclude>
    <ClInclude Include="EnemyESP.h">
      <Filter>Source Files\Functional</Filter>
    </ClInclude>
    <ClInclude Include="ItemsESP.h">
      <Filter>Source Files\Functional</Filter>
    </ClInclude>
    <ClInclude Include="VehiclesESP.h">
      <Filter>Source Files\Functional</Filter>
    </ClInclude>
    <ClInclude Include="Updates.h">
      <Filter>Source Files\Main</Filter>
    </ClInclude>
    <ClInclude Include="IDA.h">
      <Filter>Source Files\Main</Filter>
    </ClInclude>
    <ClInclude Include="Global.h">
      <Filter>Source Files\Main</Filter>
    </ClInclude>
  </ItemGroup>
</Project>