<?xml version="1.0" encoding="utf-8"?>
<Project ToolsVersion="4.0" xmlns="http://schemas.microsoft.com/developer/msbuild/2003">
  <ItemGroup>
    <Filter Include="Source Files">
      <UniqueIdentifier>{4FC737F1-C7A5-4376-A066-2A32D752A2FF}</UniqueIdentifier>
      <Extensions>cpp;c;cc;cxx;def;odl;idl;hpj;bat;asm;asmx</Extensions>
    </Filter>
    <Filter Include="Source Files\Functional">
      <UniqueIdentifier>{7354328f-3fb0-467b-a811-a75bb7565c07}</UniqueIdentifier>
    </Filter>
    <Filter Include="Source Files\GNames">
      <UniqueIdentifier>{ab62335d-42d2-44c9-bb61-e06a0a873f9e}</UniqueIdentifier>
    </Filter>
    <Filter Include="Source Files\GWorld">
      <UniqueIdentifier>{317c3628-ce44-4f67-87c7-9d56db1071dc}</UniqueIdentifier>
    </Filter>
    <Filter Include="Source Files\Memory">
      <UniqueIdentifier>{7517ee4a-b9d9-42a6-8e28-106e26307e9f}</UniqueIdentifier>
    </Filter>
    <Filter Include="Source Files\Overlay">
      <UniqueIdentifier>{df06f1da-a211-4b4e-b144-8493e696f702}</UniqueIdentifier>
    </Filter>
    <Filter Include="Source Files\Overlay\ImGUI">
      <UniqueIdentifier>{1b1115d6-2430-413d-975d-0553485638a0}</UniqueIdentifier>
    </Filter>
    <Filter Include="Source Files\Main">
      <UniqueIdentifier>{4db29faf-8f9f-4796-b321-e0e3ca8e49dc}</UniqueIdentifier>
    </Filter>
    <Filter Include="Resources">
      <UniqueIdentifier>{58134287-a30d-413b-acad-fbd4a7f443b4}</UniqueIdentifier>
    </Filter>
  </ItemGroup>
  <ItemGroup>
    <ClCompile Include="Memory.cpp">
      <Filter>Source Files\Memory</Filter>
    </ClCompile>
    <ClCompile Include="Names.cpp">
      <Filter>Source Files\GNames</Filter>
    </ClCompile>
    <ClCompile Include="imgui.cpp">
      <Filter>Source Files\Overlay\ImGUI</Filter>
    </ClCompile>
    <ClCompile Include="imgui_demo.cpp">
      <Filter>Source Files\Overlay\ImGUI</Filter>
    </ClCompile>
    <ClCompile Include="imgui_draw.cpp">
      <Filter>Source Files\Overlay\ImGUI</Filter>
    </ClCompile>
    <ClCompile Include="imgui_impl_dx11.cpp">
      <Filter>Source Files\Overlay\ImGUI</Filter>
    </ClCompile>
    <ClCompile Include="imgui_impl_win32.cpp">
      <Filter>Source Files\Overlay\ImGUI</Filter>
    </ClCompile>
    <ClCompile Include="imgui_widgets.cpp">
      <Filter>Source Files\Overlay\ImGUI</Filter>
    </ClCompile>
    <ClCompile Include="Overlay.cpp">
      <Filter>Source Files\Overlay</Filter>
    </ClCompile>
    <ClCompile Include="GWorld.cpp">
      <Filter>Source Files\GWorld</Filter>
    </ClCompile>
    <ClCompile Include="Renderer.cpp">
      <Filter>Source Files\Overlay</Filter>
    </ClCompile>
    <ClCompile Include="Aimbot.cpp">
      <Filter>Source Files\Functional</Filter>
    </ClCompile>
    <ClCompile Include="Commons.cpp">
      <Filter>Source Files\Functional</Filter>
    </ClCompile>
    <ClCompile Include="EnemyESP.cpp">
      <Filter>Source Files\Functional</Filter>
    </ClCompile>
    <ClCompile Include="ItemsESP.cpp">
      <Filter>Source Files\Functional</Filter>
    </ClCompile>
    <ClCompile Include="VehiclesESP.cpp">
      <Filter>Source Files\Functional</Filter>
    </ClCompile>
    <ClCompile Include="MainLoop.cpp">
      <Filter>Source Files\Main</Filter>
    </ClCompile>
    <ClCompile Include="MainForm.cpp">
      <Filter>Source Files\Main</Filter>
    </ClCompile>
    <ClCompile Include="Updates.cpp">
      <Filter>Source Files\Main</Filter>
    </ClCompile>
  </ItemGroup>
  <ItemGroup>
    <ClInclude Include="MainForm.h">
      <Filter>Source Files</Filter>
    </ClInclude>
    <ClInclude Include="Memory.h">
      <Filter>Source Files\Memory</Filter>
    </ClInclude>
    <ClInclude Include="Names.h">
      <Filter>Source Files\GNames</Filter>
    </ClInclude>
    <ClInclude Include="imconfig.h">
      <Filter>Source Files\Overlay\ImGUI</Filter>
    </ClInclude>
    <ClInclude Include="imgui.h">
      <Filter>Source Files\Overlay\ImGUI</Filter>
    </ClInclude>
    <ClInclude Include="imgui_impl_dx11.h">
      <Filter>Source Files\Overlay\ImGUI</Filter>
    </ClInclude>
    <ClInclude Include="imgui_impl_win32.h">
      <Filter>Source Files\Overlay\ImGUI</Filter>
    </ClInclude>
    <ClInclude Include="imgui_internal.h">
      <Filter>Source Files\Overlay\ImGUI</Filter>
    </ClInclude>
    <ClInclude Include="imstb_rectpack.h">
      <Filter>Source Files\Overlay\ImGUI</Filter>
    </ClInclude>
    <ClInclude Include="imstb_textedit.h">
      <Filter>Source Files\Overlay\ImGUI</Filter>
    </ClInclude>
    <ClInclude Include="imstb_truetype.h">
      <Filter>Source Files\Overlay\ImGUI</Filter>
    </ClInclude>
    <ClInclude Include="Overlay.h">
      <Filter>Source Files\Overlay</Filter>
    </ClInclude>
    <ClInclude Include="WindowHijack.h">
      <Filter>Source Files\Overlay</Filter>
    </ClInclude>
    <ClInclude Include="GWorld.h">
      <Filter>Source Files\GWorld</Filter>
    </ClInclude>
    <ClInclude Include="Core.h">
      <Filter>Source Files\GWorld</Filter>
    </ClInclude>
    <ClInclude Include="Renderer.h">
      <Filter>Source Files\Overlay</Filter>
    </ClInclude>
    <ClInclude Include="Aimbot.h">
      <Filter>Source Files\Functional</Filter>
    </ClInclude>
    <ClInclude Include="Commons.h">
      <Filter>Source Files\Functional</Filter>
    </ClInclude>
    <ClInclude Include="EnemyESP.h">
      <Filter>Source Files\Functional</Filter>
    </ClInclude>
    <ClInclude Include="ItemsESP.h">
      <Filter>Source Files\Functional</Filter>
    </ClInclude>
    <ClInclude Include="VehiclesESP.h">
      <Filter>Source Files\Functional</Filter>
    </ClInclude>
    <ClInclude Include="Updates.h">
      <Filter>Source Files\Main</Filter>
    </ClInclude>
    <ClInclude Include="IDA.h">
      <Filter>Source Files\Main</Filter>
    </ClInclude>
    <ClInclude Include="Global.h">
      <Filter>Source Files\Main</Filter>
    </ClInclude>
  </ItemGroup>
  <ItemGroup>
    <Image Include="Images\Vehicles\AquaRail_A_00_C.png">
      <Filter>Resources</Filter>
    </Image>
    <Image Include="Images\Vehicles\Boat_PG117_C.png">
      <Filter>Resources</Filter>
    </Image>
    <Image Include="Images\Vehicles\BP_BRDM_C.png">
      <Filter>Resources</Filter>
    </Image>
    <Image Include="Images\Vehicles\BP_M_Rony_A_00_C.png">
      <Filter>Resources</Filter>
    </Image>
    <Image Include="Images\Vehicles\BP_Mirado_A_00_C.png">
      <Filter>Resources</Filter>
    </Image>
    <Image Include="Images\Vehicles\BP_Mirado_Open_00_C.png">
      <Filter>Resources</Filter>
    </Image>
    <Image Include="Images\Vehicles\BP_Motorbike_00_C.png">
      <Filter>Resources</Filter>
    </Image>
    <Image Include="Images\Vehicles\BP_Motorbike_00_Desert_C.png">
      <Filter>Resources</Filter>
    </Image>
    <Image Include="Images\Vehicles\BP_Motorbike_00_SideCar_C.png">
      <Filter>Resources</Filter>
    </Image>
    <Image Include="Images\Vehicles\BP_Motorbike_00_SideCar_Desert_C.png">
      <Filter>Resources</Filter>
    </Image>
    <Image Include="Images\Vehicles\BP_Niva_00_C.png">
      <Filter>Resources</Filter>
    </Image>
    <Image Include="Images\Vehicles\BP_PickupTruck_A_00_C.png">
      <Filter>Resources</Filter>
    </Image>
    <Image Include="Images\Vehicles\BP_PickupTruck_B_00_C.png">
      <Filter>Resources</Filter>
    </Image>
    <Image Include="Images\Vehicles\BP_Scooter_00_A_C.png">
      <Filter>Resources</Filter>
    </Image>
    <Image Include="Images\Vehicles\BP_Snowbike_00_C.png">
      <Filter>Resources</Filter>
    </Image>
    <Image Include="Images\Vehicles\BP_Snowmobile_00_C.png">
      <Filter>Resources</Filter>
    </Image>
    <Image Include="Images\Vehicles\BP_TukTukTuk_A_00_C.png">
      <Filter>Resources</Filter>
    </Image>
    <Image Include="Images\Vehicles\BP_Van_A_00_C.png">
      <Filter>Resources</Filter>
    </Image>
    <Image Include="Images\Vehicles\Buggy_A_00_C.png">
      <Filter>Resources</Filter>
    </Image>
    <Image Include="Images\Vehicles\Dacia_A_00_v2_C.png">
      <Filter>Resources</Filter>
    </Image>
    <Image Include="Images\Vehicles\Dacia_A_00_v2_snow_C.png">
      <Filter>Resources</Filter>
    </Image>
    <Image Include="Images\Vehicles\DummyTransportAircraft_C.png">
      <Filter>Resources</Filter>
    </Image>
    <Image Include="Images\Ammunition\Item_Ammo_9mm_C.png">
      <Filter>Resources</Filter>
    </Image>
    <Image Include="Images\Ammunition\Item_Ammo_12Guage_C.png">
      <Filter>Resources</Filter>
    </Image>
    <Image Include="Images\Ammunition\Item_Ammo_45ACP_C.png">
      <Filter>Resources</Filter>
    </Image>
    <Image Include="Images\Ammunition\Item_Ammo_300Magnum_C.png">
      <Filter>Resources</Filter>
    </Image>
    <Image Include="Images\Ammunition\Item_Ammo_556mm_C.png">
      <Filter>Resources</Filter>
    </Image>
    <Image Include="Images\Ammunition\Item_Ammo_762mm_C.png">
      <Filter>Resources</Filter>
    </Image>
    <Image Include="Images\Ammunition\Item_Ammo_Bolt_C.png">
      <Filter>Resources</Filter>
    </Image>
    <Image Include="Images\Equipment\Vest\Item_Armor_C_01_Lv3_C.png">
      <Filter>Resources</Filter>
    </Image>
    <Image Include="Images\Equipment\Vest\Item_Armor_D_01_Lv2_C.png">
      <Filter>Resources</Filter>
    </Image>
    <Image Include="Images\Equipment\Vest\Item_Armor_E_01_Lv1_C.png">
      <Filter>Resources</Filter>
    </Image>
    <Image Include="Images\Attachment\Item_Attach_Weapon_Lower_AngledForeGrip_C.png">
      <Filter>Resources</Filter>
    </Image>
    <Image Include="Images\Attachment\Item_Attach_Weapon_Lower_Foregrip_C.png">
      <Filter>Resources</Filter>
    </Image>
    <Image Include="Images\Attachment\Item_Attach_Weapon_Lower_HalfGrip_C.png">
      <Filter>Resources</Filter>
    </Image>
    <Image Include="Images\Attachment\Item_Attach_Weapon_Lower_LaserPointer_C.png">
      <Filter>Resources</Filter>
    </Image>
    <Image Include="Images\Attachment\Item_Attach_Weapon_Lower_LightweightForeGrip_C.png">
      <Filter>Resources</Filter>
    </Image>
    <Image Include="Images\Attachment\Item_Attach_Weapon_Lower_QuickDraw_Large_Crossbow_C.png">
      <Filter>Resources</Filter>
    </Image>
    <Image Include="Images\Attachment\Item_Attach_Weapon_Lower_ThumbGrip_C.png">
      <Filter>Resources</Filter>
    </Image>
    <Image Include="Images\Attachment\Item_Attach_Weapon_Magazine_Extended_Large_C.png">
      <Filter>Resources</Filter>
    </Image>
    <Image Include="Images\Attachment\Item_Attach_Weapon_Magazine_Extended_Medium_C.png">
      <Filter>Resources</Filter>
    </Image>
    <Image Include="Images\Attachment\Item_Attach_Weapon_Magazine_Extended_Small_C.png">
      <Filter>Resources</Filter>
    </Image>
    <Image Include="Images\Attachment\Item_Attach_Weapon_Magazine_Extended_SniperRifle_C.png">
      <Filter>Resources</Filter>
    </Image>
    <Image Include="Images\Attachment\Item_Attach_Weapon_Magazine_ExtendedQuickDraw_Large_C.png">
      <Filter>Resources</Filter>
    </Image>
    <Image Include="Images\Attachment\Item_Attach_Weapon_Magazine_ExtendedQuickDraw_Medium_C.png">
      <Filter>Resources</Filter>
    </Image>
    <Image Include="Images\Attachment\Item_Attach_Weapon_Magazine_ExtendedQuickDraw_Small_C.png">
      <Filter>Resources</Filter>
    </Image>
    <Image Include="Images\Attachment\Item_Attach_Weapon_Magazine_ExtendedQuickDraw_SniperRifle_C.png">
      <Filter>Resources</Filter>
    </Image>
    <Image Include="Images\Attachment\Item_Attach_Weapon_Magazine_QuickDraw_Large_C.png">
      <Filter>Resources</Filter>
    </Image>
    <Image Include="Images\Attachment\Item_Attach_Weapon_Magazine_QuickDraw_Medium_C.png">
      <Filter>Resources</Filter>
    </Image>
    <Image Include="Images\Attachment\Item_Attach_Weapon_Magazine_QuickDraw_Small_C.png">
      <Filter>Resources</Filter>
    </Image>
    <Image Include="Images\Attachment\Item_Attach_Weapon_Magazine_QuickDraw_SniperRifle_C.png">
      <Filter>Resources</Filter>
    </Image>
    <Image Include="Images\Attachment\Item_Attach_Weapon_Muzzle_Choke_C.png">
      <Filter>Resources</Filter>
    </Image>
    <Image Include="Images\Attachment\Item_Attach_Weapon_Muzzle_Compensator_Large_C.png">
      <Filter>Resources</Filter>
    </Image>
    <Image Include="Images\Attachment\Item_Attach_Weapon_Muzzle_Compensator_Medium_C.png">
      <Filter>Resources</Filter>
    </Image>
    <Image Include="Images\Attachment\Item_Attach_Weapon_Muzzle_Compensator_SniperRifle_C.png">
      <Filter>Resources</Filter>
    </Image>
    <Image Include="Images\Attachment\Item_Attach_Weapon_Muzzle_Duckbill_C.png">
      <Filter>Resources</Filter>
    </Image>
    <Image Include="Images\Attachment\Item_Attach_Weapon_Muzzle_FlashHider_Large_C.png">
      <Filter>Resources</Filter>
    </Image>
    <Image Include="Images\Attachment\Item_Attach_Weapon_Muzzle_FlashHider_Medium_C.png">
      <Filter>Resources</Filter>
    </Image>
    <Image Include="Images\Attachment\Item_Attach_Weapon_Muzzle_FlashHider_SniperRifle_C.png">
      <Filter>Resources</Filter>
    </Image>
    <Image Include="Images\Attachment\Item_Attach_Weapon_Muzzle_Suppressor_Large_C.png">
      <Filter>Resources</Filter>
    </Image>
    <Image Include="Images\Attachment\Item_Attach_Weapon_Muzzle_Suppressor_Medium_C.png">
      <Filter>Resources</Filter>
    </Image>
    <Image Include="Images\Attachment\Item_Attach_Weapon_Muzzle_Suppressor_Small_C.png">
      <Filter>Resources</Filter>
    </Image>
    <Image Include="Images\Attachment\Item_Attach_Weapon_Muzzle_Suppressor_SniperRifle_C.png">
      <Filter>Resources</Filter>
    </Image>
    <Image Include="Images\Attachment\Item_Attach_Weapon_SideRail_DotSight_RMR_C.png">
      <Filter>Resources</Filter>
    </Image>
    <Image Include="Images\Attachment\Item_Attach_Weapon_Stock_AR_Composite_C.png">
      <Filter>Resources</Filter>
    </Image>
    <Image Include="Images\Attachment\Item_Attach_Weapon_Stock_Shotgun_BulletLoops_C.png">
      <Filter>Resources</Filter>
    </Image>
    <Image Include="Images\Attachment\Item_Attach_Weapon_Stock_SniperRifle_BulletLoops_C.png">
      <Filter>Resources</Filter>
    </Image>
    <Image Include="Images\Attachment\Item_Attach_Weapon_Stock_SniperRifle_CheekPad_C.png">
      <Filter>Resources</Filter>
    </Image>
    <Image Include="Images\Attachment\Item_Attach_Weapon_Stock_UZI_C.png">
      <Filter>Resources</Filter>
    </Image>
    <Image Include="Images\Attachment\Item_Attach_Weapon_Upper_ACOG_01_C.png">
      <Filter>Resources</Filter>
    </Image>
    <Image Include="Images\Attachment\Item_Attach_Weapon_Upper_Aimpoint_C.png">
      <Filter>Resources</Filter>
    </Image>
    <Image Include="Images\Attachment\Item_Attach_Weapon_Upper_CQBSS_C.png">
      <Filter>Resources</Filter>
    </Image>
    <Image Include="Images\Attachment\Item_Attach_Weapon_Upper_DotSight_01_C.png">
      <Filter>Resources</Filter>
    </Image>
    <Image Include="Images\Attachment\Item_Attach_Weapon_Upper_Holosight_C.png">
      <Filter>Resources</Filter>
    </Image>
    <Image Include="Images\Attachment\Item_Attach_Weapon_Upper_PM2_01_C.png">
      <Filter>Resources</Filter>
    </Image>
    <Image Include="Images\Attachment\Item_Attach_Weapon_Upper_Scope3x_C.png">
      <Filter>Resources</Filter>
    </Image>
    <Image Include="Images\Attachment\Item_Attach_Weapon_Upper_Scope6x_C.png">
      <Filter>Resources</Filter>
    </Image>
    <Image Include="Images\Equipment\Backpack\Item_Back_C_02_Lv3_C.png">
      <Filter>Resources</Filter>
    </Image>
    <Image Include="Images\Equipment\Backpack\Item_Back_E_02_Lv1_C.png">
      <Filter>Resources</Filter>
    </Image>
    <Image Include="Images\Equipment\Backpack\Item_Back_F_02_Lv2_C.png">
      <Filter>Resources</Filter>
    </Image>
    <Image Include="Images\Use\Boost\Item_Boost_AdrenalineSyringe_C.png">
      <Filter>Resources</Filter>
    </Image>
    <Image Include="Images\Use\Boost\Item_Boost_EnergyDrink_C.png">
      <Filter>Resources</Filter>
    </Image>
    <Image Include="Images\Use\Boost\Item_Boost_PainKiller_C.png">
      <Filter>Resources</Filter>
    </Image>
    <Image Include="Images\Equipment\Jacket\Item_Ghillie_01_C.png">
      <Filter>Resources</Filter>
    </Image>
    <Image Include="Images\Equipment\Headgear\Item_Head_E_01_Lv1_C.png">
      <Filter>Resources</Filter>
    </Image>
    <Image Include="Images\Equipment\Headgear\Item_Head_F_02_Lv2_C.png">
      <Filter>Resources</Filter>
    </Image>
    <Image Include="Images\Equipment\Headgear\Item_Head_G_01_Lv3_C.png">
      <Filter>Resources</Filter>
    </Image>
    <Image Include="Images\Use\Heal\Item_Heal_Bandage_C.png">
      <Filter>Resources</Filter>
    </Image>
    <Image Include="Images\Use\Heal\Item_Heal_FirstAid_C.png">
      <Filter>Resources</Filter>
    </Image>
    <Image Include="Images\Use\Heal\Item_Heal_MedKit_C.png">
      <Filter>Resources</Filter>
    </Image>
    <Image Include="Images\Use\Fuel\Item_JerryCan_C.png">
      <Filter>Resources</Filter>
    </Image>
    <Image Include="Images\Weapon\Main\Item_Weapon_AK47_C.png">
      <Filter>Resources</Filter>
    </Image>
    <Image Include="Images\Weapon\Main\Item_Weapon_AUG_C.png">
      <Filter>Resources</Filter>
    </Image>
    <Image Include="Images\Weapon\Main\Item_Weapon_AWM_C.png">
      <Filter>Resources</Filter>
    </Image>
    <Image Include="Images\Weapon\Main\Item_Weapon_Berreta686_C.png">
      <Filter>Resources</Filter>
    </Image>
    <Image Include="Images\Weapon\Main\Item_Weapon_BerylM762_C.png">
      <Filter>Resources</Filter>
    </Image>
    <Image Include="Images\Weapon\Main\Item_Weapon_BizonPP19_C.png">
      <Filter>Resources</Filter>
    </Image>
    <Image Include="Images\Weapon\Melee\Item_Weapon_Cowbar_C.png">
      <Filter>Resources</Filter>
    </Image>
    <Image Include="Images\Weapon\Main\Item_Weapon_Crossbow_C.png">
      <Filter>Resources</Filter>
    </Image>
    <Image Include="Images\Weapon\Handgun\Item_Weapon_DesertEagle_C.png">
      <Filter>Resources</Filter>
    </Image>
    <Image Include="Images\Weapon\Main\Item_Weapon_DP12_C.png">
      <Filter>Resources</Filter>
    </Image>
    <Image Include="Images\Weapon\Main\Item_Weapon_DP28_C.png">
      <Filter>Resources</Filter>
    </Image>
    <Image Include="Images\Weapon\Handgun\Item_Weapon_FlareGun_C.png">
      <Filter>Resources</Filter>
    </Image>
    <Image Include="Images\Equipment\Throwable\Item_Weapon_FlashBang_C.png">
      <Filter>Resources</Filter>
    </Image>
    <Image Include="Images\Weapon\Main\Item_Weapon_FNFal_C.png">
      <Filter>Resources</Filter>
    </Image>
    <Image Include="Images\Weapon\Handgun\Item_Weapon_G18_C.png">
      <Filter>Resources</Filter>
    </Image>
    <Image Include="Images\Weapon\Main\Item_Weapon_G36C_C.png">
      <Filter>Resources</Filter>
    </Image>
    <Image Include="Images\Equipment\Throwable\Item_Weapon_Grenade_C.png">
      <Filter>Resources</Filter>
    </Image>
    <Image Include="Images\Weapon\Main\Item_Weapon_Groza_C.png">
      <Filter>Resources</Filter>
    </Image>
    <Image Include="Images\Weapon\Main\Item_Weapon_HK416_C.png">
      <Filter>Resources</Filter>
    </Image>
    <Image Include="Images\Weapon\Main\Item_Weapon_Kar98k_C.png">
      <Filter>Resources</Filter>
    </Image>
    <Image Include="Images\Weapon\Handgun\Item_Weapon_M9_C.png">
      <Filter>Resources</Filter>
    </Image>
    <Image Include="Images\Weapon\Main\Item_Weapon_M16A4_C.png">
      <Filter>Resources</Filter>
    </Image>
    <Image Include="Images\Weapon\Main\Item_Weapon_M24_C.png">
      <Filter>Resources</Filter>
    </Image>
    <Image Include="Images\Weapon\Main\Item_Weapon_M249_C.png">
      <Filter>Resources</Filter>
    </Image>
    <Image Include="Images\Weapon\Handgun\Item_Weapon_M1911_C.png">
      <Filter>Resources</Filter>
    </Image>
    <Image Include="Images\Weapon\Melee\Item_Weapon_Machete_C.png">
      <Filter>Resources</Filter>
    </Image>
    <Image Include="Images\Weapon\Main\Item_Weapon_Mini14_C.png">
      <Filter>Resources</Filter>
    </Image>
    <Image Include="Images\Weapon\Main\Item_Weapon_Mk14_C.png">
      <Filter>Resources</Filter>
    </Image>
    <Image Include="Images\Weapon\Main\Item_Weapon_Mk47Mutant_C.png">
      <Filter>Resources</Filter>
    </Image>
    <Image Include="Images\Equipment\Throwable\Item_Weapon_Molotov_C.png">
      <Filter>Resources</Filter>
    </Image>
    <Image Include="Images\Weapon\Main\Item_Weapon_MP5K_C.png">
      <Filter>Resources</Filter>
    </Image>
    <Image Include="Images\Weapon\Handgun\Item_Weapon_NagantM1895_C.png">
      <Filter>Resources</Filter>
    </Image>
    <Image Include="Images\Weapon\Melee\Item_Weapon_Pan_C.png">
      <Filter>Resources</Filter>
    </Image>
    <Image Include="Images\Weapon\Main\Item_Weapon_QBU88_C.png">
      <Filter>Resources</Filter>
    </Image>
    <Image Include="Images\Weapon\Main\Item_Weapon_QBZ95_C.png">
      <Filter>Resources</Filter>
    </Image>
    <Image Include="Images\Weapon\Handgun\Item_Weapon_Rhino_C.png">
      <Filter>Resources</Filter>
    </Image>
    <Image Include="Images\Weapon\Main\Item_Weapon_Saiga12_C.png">
      <Filter>Resources</Filter>
    </Image>
    <Image Include="Images\Weapon\Handgun\Item_Weapon_Sawnoff_C.png">
      <Filter>Resources</Filter>
    </Image>
    <Image Include="Images\Weapon\Main\Item_Weapon_SCAR-L_C.png">
      <Filter>Resources</Filter>
    </Image>
    <Image Include="Images\Weapon\Melee\Item_Weapon_Sickle_C.png">
      <Filter>Resources</Filter>
    </Image>
    <Image Include="Images\Weapon\Main\Item_Weapon_SKS_C.png">
      <Filter>Resources</Filter>
    </Image>
    <Image Include="Images\Equipment\Throwable\Item_Weapon_SmokeBomb_C.png">
      <Filter>Resources</Filter>
    </Image>
    <Image Include="Images\Weapon\Main\Item_Weapon_Thompson_C.png">
      <Filter>Resources</Filter>
    </Image>
    <Image Include="Images\Weapon\Main\Item_Weapon_UMP_C.png">
      <Filter>Resources</Filter>
    </Image>
    <Image Include="Images\Weapon\Main\Item_Weapon_UZI_C.png">
      <Filter>Resources</Filter>
    </Image>
    <Image Include="Images\Weapon\Main\Item_Weapon_Vector_C.png">
      <Filter>Resources</Filter>
    </Image>
    <Image Include="Images\Weapon\Main\Item_Weapon_VSS_C.png">
      <Filter>Resources</Filter>
    </Image>
    <Image Include="Images\Weapon\Handgun\Item_Weapon_vz61Skorpion_C.png">
      <Filter>Resources</Filter>
    </Image>
    <Image Include="Images\Weapon\Main\Item_Weapon_Win1894_C.png">
      <Filter>Resources</Filter>
    </Image>
    <Image Include="Images\Weapon\Main\Item_Weapon_Winchester_C.png">
      <Filter>Resources</Filter>
    </Image>
    <Image Include="Images\Vehicles\ParachutePlayer_C.png">
      <Filter>Resources</Filter>
    </Image>
    <Image Include="Images\Vehicles\PG117_A_00_C.png">
      <Filter>Resources</Filter>
    </Image>
    <Image Include="Images\Vehicles\Uaz_A_00_C.png">
      <Filter>Resources</Filter>
    </Image>
    <Image Include="Images\Vehicles\Uaz_B_00_C.png">
      <Filter>Resources</Filter>
    </Image>
    <Image Include="Images\Vehicles\Uaz_C_00_C.png">
      <Filter>Resources</Filter>
    </Image>
  </ItemGroup>
</Project>