<?xml version="1.0" encoding="utf-8"?>
<Project ToolsVersion="4.0" xmlns="http://schemas.microsoft.com/developer/msbuild/2003">
  <ItemGroup>
    <Filter Include="Source Files">
      <UniqueIdentifier>{4FC737F1-C7A5-4376-A066-2A32D752A2FF}</UniqueIdentifier>
      <Extensions>cpp;c;cc;cxx;def;odl;idl;hpj;bat;asm;asmx</Extensions>
    </Filter>
    <Filter Include="Header Files">
      <UniqueIdentifier>{93995380-89BD-4b04-88EB-625FBE52EBFB}</UniqueIdentifier>
      <Extensions>h;hh;hpp;hxx;hm;inl;inc;ipp;xsd</Extensions>
    </Filter>
    <Filter Include="Resource Files">
      <UniqueIdentifier>{67DA6AB6-F800-4c08-8B7A-83BB121AAD01}</UniqueIdentifier>
      <Extensions>rc;ico;cur;bmp;dlg;rc2;rct;bin;rgs;gif;jpg;jpeg;jpe;resx;tiff;tif;png;wav;mfcribbon-ms</Extensions>
    </Filter>
  </ItemGroup>
  <ItemGroup>
    <ClCompile Include="main.cpp">
      <Filter>Source Files</Filter>
    </ClCompile>
    <ClCompile Include="Utils\tinyformat.h">
      <Filter>Source Files</Filter>
    </ClCompile>
    <ClCompile Include="Utils\MemoryHelper.cpp">
      <Filter>Source Files</Filter>
    </ClCompile>
    <ClCompile Include="GObjects\EngineClasses.cpp">
      <Filter>Source Files</Filter>
    </ClCompile>
    <ClCompile Include="GObjects\GenericTypes.cpp">
      <Filter>Source Files</Filter>
    </ClCompile>
    <ClCompile Include="GObjects\ObjectsStore.cpp">
      <Filter>Source Files</Filter>
    </ClCompile>
    <ClCompile Include="GNames\NamesStore.cpp">
      <Filter>Source Files</Filter>
    </ClCompile>
    <ClCompile Include="GObjects\Package.cpp">
      <Filter>Source Files</Filter>
    </ClCompile>
    <ClCompile Include="GObjects\NameValidator.cpp">
      <Filter>Source Files</Filter>
    </ClCompile>
    <ClCompile Include="GObjects\Generator.cpp">
      <Filter>Source Files</Filter>
    </ClCompile>
    <ClCompile Include="LiteHack\Overlay\imgui.cpp">
      <Filter>Source Files</Filter>
    </ClCompile>
    <ClCompile Include="LiteHack\Overlay\imgui_demo.cpp">
      <Filter>Source Files</Filter>
    </ClCompile>
    <ClCompile Include="LiteHack\Overlay\imgui_draw.cpp">
      <Filter>Source Files</Filter>
    </ClCompile>
    <ClCompile Include="LiteHack\Overlay\imgui_impl_dx11.cpp">
      <Filter>Source Files</Filter>
    </ClCompile>
    <ClCompile Include="LiteHack\Overlay\imgui_impl_win32.cpp">
      <Filter>Source Files</Filter>
    </ClCompile>
    <ClCompile Include="LiteHack\Overlay\imgui_widgets.cpp">
      <Filter>Source Files</Filter>
    </ClCompile>
    <ClCompile Include="LiteHack\Render.cpp">
      <Filter>Source Files</Filter>
    </ClCompile>
  </ItemGroup>
  <ItemGroup>
    <ClInclude Include="Utils\ida_defs.h">
      <Filter>Source Files</Filter>
    </ClInclude>
    <ClInclude Include="Utils\MemoryHelper.h">
      <Filter>Header Files</Filter>
    </ClInclude>
    <ClInclude Include="GObjects\EngineClasses.h">
      <Filter>Header Files</Filter>
    </ClInclude>
    <ClInclude Include="GObjects\GenericTypes.h">
      <Filter>Header Files</Filter>
    </ClInclude>
    <ClInclude Include="GObjects\ObjectsStore.h">
      <Filter>Header Files</Filter>
    </ClInclude>
    <ClInclude Include="GNames\NamesStore.h">
      <Filter>Header Files</Filter>
    </ClInclude>
    <ClInclude Include="GObjects\Package.h">
      <Filter>Header Files</Filter>
    </ClInclude>
    <ClInclude Include="GObjects\NameValidator.h">
      <Filter>Header Files</Filter>
    </ClInclude>
    <ClInclude Include="GObjects\FunctionFlags.h">
      <Filter>Header Files</Filter>
    </ClInclude>
    <ClInclude Include="GObjects\Generator.h">
      <Filter>Header Files</Filter>
    </ClInclude>
    <ClInclude Include="GWorld\UWorld.h">
      <Filter>Header Files</Filter>
    </ClInclude>
    <ClInclude Include="GWorld\ULevel.h">
      <Filter>Header Files</Filter>
    </ClInclude>
    <ClInclude Include="GWorld\AActor.h">
      <Filter>Header Files</Filter>
    </ClInclude>
    <ClInclude Include="GWorld\Core\FVector.h">
      <Filter>Header Files</Filter>
    </ClInclude>
    <ClInclude Include="GWorld\UGameInstance.h">
      <Filter>Header Files</Filter>
    </ClInclude>
    <ClInclude Include="GWorld\ULocalPlayer.h">
      <Filter>Header Files</Filter>
    </ClInclude>
    <ClInclude Include="GWorld\APlayerController.h">
      <Filter>Header Files</Filter>
    </ClInclude>
    <ClInclude Include="GWorld\USkeletalMeshComponent.h">
      <Filter>Header Files</Filter>
    </ClInclude>
    <ClInclude Include="GWorld\UWeaponManagerComponent.h">
      <Filter>Header Files</Filter>
    </ClInclude>
    <ClInclude Include="GWorld\Base.h">
      <Filter>Header Files</Filter>
    </ClInclude>
    <ClInclude Include="GWorld\USceneComponent.h">
      <Filter>Header Files</Filter>
    </ClInclude>
    <ClInclude Include="LiteHack\Overlay\imconfig.h">
      <Filter>Header Files</Filter>
    </ClInclude>
    <ClInclude Include="LiteHack\Overlay\imgui.h">
      <Filter>Header Files</Filter>
    </ClInclude>
    <ClInclude Include="LiteHack\Overlay\imgui_impl_dx11.h">
      <Filter>Header Files</Filter>
    </ClInclude>
    <ClInclude Include="LiteHack\Overlay\imgui_impl_win32.h">
      <Filter>Header Files</Filter>
    </ClInclude>
    <ClInclude Include="LiteHack\Overlay\imgui_internal.h">
      <Filter>Header Files</Filter>
    </ClInclude>
    <ClInclude Include="LiteHack\Overlay\imstb_rectpack.h">
      <Filter>Header Files</Filter>
    </ClInclude>
    <ClInclude Include="LiteHack\Overlay\imstb_textedit.h">
      <Filter>Header Files</Filter>
    </ClInclude>
    <ClInclude Include="LiteHack\Overlay\imstb_truetype.h">
      <Filter>Header Files</Filter>
    </ClInclude>
    <ClInclude Include="LiteHack\WindowHijack.h">
      <Filter>Header Files</Filter>
    </ClInclude>
    <ClInclude Include="LiteHack\Render.h">
      <Filter>Header Files</Filter>
    </ClInclude>
    <ClInclude Include="GWorld\Core\FRotator.h">
      <Filter>Header Files</Filter>
    </ClInclude>
    <ClInclude Include="GWorld\Core\FColor.h">
      <Filter>Header Files</Filter>
    </ClInclude>
    <ClInclude Include="LiteHack\HackManager.h">
      <Filter>Header Files</Filter>
    </ClInclude>
    <ClInclude Include="GWorld\FCameraCacheEntry.h">
      <Filter>Header Files</Filter>
    </ClInclude>
    <ClInclude Include="GWorld\Core\FTransform.h">
      <Filter>Header Files</Filter>
    </ClInclude>
    <ClInclude Include="GObjects\EngineTypes.h">
      <Filter>Header Files</Filter>
    </ClInclude>
  </ItemGroup>
</Project>