<?xml version="1.0" encoding="utf-8"?>
<Project ToolsVersion="4.0" xmlns="http://schemas.microsoft.com/developer/msbuild/2003">
  <ItemGroup>
    <Filter Include="Source Files">
      <UniqueIdentifier>{4FC737F1-C7A5-4376-A066-2A32D752A2FF}</UniqueIdentifier>
      <Extensions>cpp;c;cc;cxx;def;odl;idl;hpj;bat;asm;asmx</Extensions>
    </Filter>
    <Filter Include="Header Files">
      <UniqueIdentifier>{93995380-89BD-4b04-88EB-625FBE52EBFB}</UniqueIdentifier>
      <Extensions>h;hh;hpp;hxx;hm;inl;inc;ipp;xsd</Extensions>
    </Filter>
    <Filter Include="Resource Files">
      <UniqueIdentifier>{67DA6AB6-F800-4c08-8B7A-83BB121AAD01}</UniqueIdentifier>
      <Extensions>rc;ico;cur;bmp;dlg;rc2;rct;bin;rgs;gif;jpg;jpeg;jpe;resx;tiff;tif;png;wav;mfcribbon-ms</Extensions>
    </Filter>
  </ItemGroup>
  <ItemGroup>
    <ClCompile Include="main.cpp">
      <Filter>Source Files</Filter>
    </ClCompile>
    <ClCompile Include="Utils\tinyformat.h">
      <Filter>Source Files</Filter>
    </ClCompile>
    <ClCompile Include="Utils\MemoryHelper.cpp">
      <Filter>Source Files</Filter>
    </ClCompile>
    <ClCompile Include="GWorld\UWorld.cpp">
      <Filter>Source Files</Filter>
    </ClCompile>
    <ClCompile Include="GWorld\AActor.cpp">
      <Filter>Source Files</Filter>
    </ClCompile>
    <ClCompile Include="GWorld\ADroppedItem.cpp">
      <Filter>Source Files</Filter>
    </ClCompile>
    <ClCompile Include="GWorld\APlayerCameraManager.cpp">
      <Filter>Source Files</Filter>
    </ClCompile>
    <ClCompile Include="GWorld\APlayerController.cpp">
      <Filter>Source Files</Filter>
    </ClCompile>
    <ClCompile Include="GWorld\FText.cpp">
      <Filter>Source Files</Filter>
    </ClCompile>
    <ClCompile Include="GWorld\UVehicleRiderComponent.cpp">
      <Filter>Source Files</Filter>
    </ClCompile>
    <ClCompile Include="GWorld\USkeletalMeshComponent.cpp">
      <Filter>Source Files</Filter>
    </ClCompile>
    <ClCompile Include="GWorld\USceneComponent.cpp">
      <Filter>Source Files</Filter>
    </ClCompile>
    <ClCompile Include="GWorld\ULocalPlayer.cpp">
      <Filter>Source Files</Filter>
    </ClCompile>
    <ClCompile Include="GWorld\ULevel.cpp">
      <Filter>Source Files</Filter>
    </ClCompile>
    <ClCompile Include="GWorld\UItem.cpp">
      <Filter>Source Files</Filter>
    </ClCompile>
    <ClCompile Include="GWorld\UGameViewportClient.cpp">
      <Filter>Source Files</Filter>
    </ClCompile>
    <ClCompile Include="GWorld\UGameInstance.cpp">
      <Filter>Source Files</Filter>
    </ClCompile>
    <ClCompile Include="GWorld\AWeaponProcessor.cpp">
      <Filter>Source Files</Filter>
    </ClCompile>
    <ClCompile Include="GObjects\EngineClasses.cpp">
      <Filter>Source Files</Filter>
    </ClCompile>
    <ClCompile Include="GObjects\GenericTypes.cpp">
      <Filter>Source Files</Filter>
    </ClCompile>
    <ClCompile Include="GObjects\ObjectsStore.cpp">
      <Filter>Source Files</Filter>
    </ClCompile>
    <ClCompile Include="GNames\NamesStore.cpp">
      <Filter>Source Files</Filter>
    </ClCompile>
    <ClCompile Include="GObjects\Package.cpp">
      <Filter>Source Files</Filter>
    </ClCompile>
    <ClCompile Include="GObjects\NameValidator.cpp">
      <Filter>Source Files</Filter>
    </ClCompile>
  </ItemGroup>
  <ItemGroup>
    <ClInclude Include="Utils\ida_defs.h">
      <Filter>Source Files</Filter>
    </ClInclude>
    <ClInclude Include="Utils\MemoryHelper.h">
      <Filter>Header Files</Filter>
    </ClInclude>
    <ClInclude Include="GWorld\AActor.hpp">
      <Filter>Header Files</Filter>
    </ClInclude>
    <ClInclude Include="GWorld\ADroppedItem.hpp">
      <Filter>Header Files</Filter>
    </ClInclude>
    <ClInclude Include="GWorld\APlayerCameraManager.hpp">
      <Filter>Header Files</Filter>
    </ClInclude>
    <ClInclude Include="GWorld\APlayerController.hpp">
      <Filter>Header Files</Filter>
    </ClInclude>
    <ClInclude Include="GWorld\ATslWeapon.hpp">
      <Filter>Header Files</Filter>
    </ClInclude>
    <ClInclude Include="GWorld\AWeaponProcessor.hpp">
      <Filter>Header Files</Filter>
    </ClInclude>
    <ClInclude Include="GWorld\FCameraCacheEntry.hpp">
      <Filter>Header Files</Filter>
    </ClInclude>
    <ClInclude Include="GWorld\FRecoilInfo.hpp">
      <Filter>Header Files</Filter>
    </ClInclude>
    <ClInclude Include="GWorld\FRotator.hpp">
      <Filter>Header Files</Filter>
    </ClInclude>
    <ClInclude Include="GWorld\FText.hpp">
      <Filter>Header Files</Filter>
    </ClInclude>
    <ClInclude Include="GWorld\FTrajectoryWeaponData.hpp">
      <Filter>Header Files</Filter>
    </ClInclude>
    <ClInclude Include="GWorld\FTransform.hpp">
      <Filter>Header Files</Filter>
    </ClInclude>
    <ClInclude Include="GWorld\FWeaponData.hpp">
      <Filter>Header Files</Filter>
    </ClInclude>
    <ClInclude Include="GWorld\FWeaponDeviationData.hpp">
      <Filter>Header Files</Filter>
    </ClInclude>
    <ClInclude Include="GWorld\FWeaponGunAnim.hpp">
      <Filter>Header Files</Filter>
    </ClInclude>
    <ClInclude Include="GWorld\FWeaponGunData.hpp">
      <Filter>Header Files</Filter>
    </ClInclude>
    <ClInclude Include="GWorld\TArray.hpp">
      <Filter>Header Files</Filter>
    </ClInclude>
    <ClInclude Include="GWorld\UGameInstance.hpp">
      <Filter>Header Files</Filter>
    </ClInclude>
    <ClInclude Include="GWorld\UGameViewportClient.hpp">
      <Filter>Header Files</Filter>
    </ClInclude>
    <ClInclude Include="GWorld\UItem.hpp">
      <Filter>Header Files</Filter>
    </ClInclude>
    <ClInclude Include="GWorld\ULocalPlayer.hpp">
      <Filter>Header Files</Filter>
    </ClInclude>
    <ClInclude Include="GWorld\USceneComponent.hpp">
      <Filter>Header Files</Filter>
    </ClInclude>
    <ClInclude Include="GWorld\USkeletalMeshComponent.hpp">
      <Filter>Header Files</Filter>
    </ClInclude>
    <ClInclude Include="GWorld\UVehicleRiderComponent.hpp">
      <Filter>Header Files</Filter>
    </ClInclude>
    <ClInclude Include="GWorld\UWorld.hpp">
      <Filter>Header Files</Filter>
    </ClInclude>
    <ClInclude Include="GWorld\Vector.hpp">
      <Filter>Header Files</Filter>
    </ClInclude>
    <ClInclude Include="GWorld\ULevel.hpp">
      <Filter>Header Files</Filter>
    </ClInclude>
    <ClInclude Include="GObjects\EngineClasses.h">
      <Filter>Header Files</Filter>
    </ClInclude>
    <ClInclude Include="GObjects\GenericTypes.h">
      <Filter>Header Files</Filter>
    </ClInclude>
    <ClInclude Include="GObjects\ObjectsStore.h">
      <Filter>Header Files</Filter>
    </ClInclude>
    <ClInclude Include="GNames\NamesStore.h">
      <Filter>Header Files</Filter>
    </ClInclude>
    <ClInclude Include="GObjects\Package.h">
      <Filter>Header Files</Filter>
    </ClInclude>
    <ClInclude Include="GObjects\NameValidator.h">
      <Filter>Header Files</Filter>
    </ClInclude>
    <ClInclude Include="GObjects\FunctionFlags.h">
      <Filter>Header Files</Filter>
    </ClInclude>
  </ItemGroup>
</Project>