<?xml version="1.0" encoding="utf-8"?>
<Project ToolsVersion="4.0" xmlns="http://schemas.microsoft.com/developer/msbuild/2003">
  <ItemGroup>
    <Filter Include="Source Files">
      <UniqueIdentifier>{4FC737F1-C7A5-4376-A066-2A32D752A2FF}</UniqueIdentifier>
      <Extensions>cpp;c;cc;cxx;def;odl;idl;hpj;bat;asm;asmx</Extensions>
    </Filter>
    <Filter Include="Header Files">
      <UniqueIdentifier>{93995380-89BD-4b04-88EB-625FBE52EBFB}</UniqueIdentifier>
      <Extensions>h;hh;hpp;hxx;hm;inl;inc;ipp;xsd</Extensions>
    </Filter>
    <Filter Include="Resource Files">
      <UniqueIdentifier>{67DA6AB6-F800-4c08-8B7A-83BB121AAD01}</UniqueIdentifier>
      <Extensions>rc;ico;cur;bmp;dlg;rc2;rct;bin;rgs;gif;jpg;jpeg;jpe;resx;tiff;tif;png;wav;mfcribbon-ms</Extensions>
    </Filter>
  </ItemGroup>
  <ItemGroup>
    <ClCompile Include="MemoryHelper.cpp">
      <Filter>Source Files</Filter>
    </ClCompile>
    <ClCompile Include="Lite.cpp">
      <Filter>Source Files</Filter>
    </ClCompile>
    <ClCompile Include="GNames.cpp">
      <Filter>Source Files</Filter>
    </ClCompile>
    <ClCompile Include="GObjects.cpp">
      <Filter>Source Files</Filter>
    </ClCompile>
    <ClCompile Include="main.cpp">
      <Filter>Source Files</Filter>
    </ClCompile>
    <ClCompile Include="tinyformat.h">
      <Filter>Source Files</Filter>
    </ClCompile>
  </ItemGroup>
  <ItemGroup>
    <ClInclude Include="idah.h">
      <Filter>Source Files</Filter>
    </ClInclude>
    <ClInclude Include="MemoryHelper.h">
      <Filter>Header Files</Filter>
    </ClInclude>
    <ClInclude Include="Lite.h">
      <Filter>Header Files</Filter>
    </ClInclude>
    <ClInclude Include="PUBGLITE\AActor.hpp">
      <Filter>Header Files</Filter>
    </ClInclude>
    <ClInclude Include="PUBGLITE\ADroppedItem.hpp">
      <Filter>Header Files</Filter>
    </ClInclude>
    <ClInclude Include="PUBGLITE\APlayerCameraManager.hpp">
      <Filter>Header Files</Filter>
    </ClInclude>
    <ClInclude Include="PUBGLITE\APlayerController.hpp">
      <Filter>Header Files</Filter>
    </ClInclude>
    <ClInclude Include="PUBGLITE\ATslWeapon.hpp">
      <Filter>Header Files</Filter>
    </ClInclude>
    <ClInclude Include="PUBGLITE\AWeaponProcessor.hpp">
      <Filter>Header Files</Filter>
    </ClInclude>
    <ClInclude Include="PUBGLITE\FCameraCacheEntry.hpp">
      <Filter>Header Files</Filter>
    </ClInclude>
    <ClInclude Include="PUBGLITE\FRecoilInfo.hpp">
      <Filter>Header Files</Filter>
    </ClInclude>
    <ClInclude Include="PUBGLITE\FRotator.hpp">
      <Filter>Header Files</Filter>
    </ClInclude>
    <ClInclude Include="PUBGLITE\FText.hpp">
      <Filter>Header Files</Filter>
    </ClInclude>
    <ClInclude Include="PUBGLITE\FTrajectoryWeaponData.hpp">
      <Filter>Header Files</Filter>
    </ClInclude>
    <ClInclude Include="PUBGLITE\FTransform.hpp">
      <Filter>Header Files</Filter>
    </ClInclude>
    <ClInclude Include="PUBGLITE\FWeaponData.hpp">
      <Filter>Header Files</Filter>
    </ClInclude>
    <ClInclude Include="PUBGLITE\FWeaponDeviationData.hpp">
      <Filter>Header Files</Filter>
    </ClInclude>
    <ClInclude Include="PUBGLITE\FWeaponGunAnim.hpp">
      <Filter>Header Files</Filter>
    </ClInclude>
    <ClInclude Include="PUBGLITE\FWeaponGunData.hpp">
      <Filter>Header Files</Filter>
    </ClInclude>
    <ClInclude Include="PUBGLITE\TArray.hpp">
      <Filter>Header Files</Filter>
    </ClInclude>
    <ClInclude Include="PUBGLITE\UGameInstance.hpp">
      <Filter>Header Files</Filter>
    </ClInclude>
    <ClInclude Include="PUBGLITE\UGameViewportClient.hpp">
      <Filter>Header Files</Filter>
    </ClInclude>
    <ClInclude Include="PUBGLITE\UItem.hpp">
      <Filter>Header Files</Filter>
    </ClInclude>
    <ClInclude Include="PUBGLITE\ULocalPlayer.hpp">
      <Filter>Header Files</Filter>
    </ClInclude>
    <ClInclude Include="PUBGLITE\USceneComponent.hpp">
      <Filter>Header Files</Filter>
    </ClInclude>
    <ClInclude Include="PUBGLITE\USkeletalMeshComponent.hpp">
      <Filter>Header Files</Filter>
    </ClInclude>
    <ClInclude Include="PUBGLITE\UVehicleRiderComponent.hpp">
      <Filter>Header Files</Filter>
    </ClInclude>
    <ClInclude Include="GNames.h">
      <Filter>Header Files</Filter>
    </ClInclude>
    <ClInclude Include="GObjects.h">
      <Filter>Header Files</Filter>
    </ClInclude>
  </ItemGroup>
</Project>